
Microsoft Visual Studio Solution File, Format Version 12.00
# Visual Studio 15
VisualStudioVersion = 15.0.28010.2048
MinimumVisualStudioVersion = 10.0.40219.1
Project("{FAE04EC0-301F-11D3-BF4B-00C04F79EFBC}") = "ShopWay", "ShopWay\ShopWay.csproj", "{2010FC9A-42F3-4D13-A211-4B5596F12FB9}"
EndProject
Project("{FAE04EC0-301F-11D3-BF4B-00C04F79EFBC}") = "Bll", "Bll\Bll.csproj", "{4A4FA84F-2896-4976-A278-06CBAE10424D}"
EndProject
Project("{FAE04EC0-301F-11D3-BF4B-00C04F79EFBC}") = "Dal", "Dal\Dal.csproj", "{C964F830-B07C-481D-8BE8-96B3A6950CA7}"
EndProject
Project("{FAE04EC0-301F-11D3-BF4B-00C04F79EFBC}") = "WindowsFormsApp1", "WindowsFormsApp1\WindowsFormsApp1.csproj", "{84A2F0BF-EE55-44AC-B104-07370F26699A}"
EndProject
Project("{FAE04EC0-301F-11D3-BF4B-00C04F79EFBC}") = "WebApplication1", "WebApplication1\WebApplication1.csproj", "{2E849A23-36A0-4A8D-948F-93AD76F43BE5}"
EndProject
Global
	GlobalSection(SolutionConfigurationPlatforms) = preSolution
		Debug|Any CPU = Debug|Any CPU
		Release|Any CPU = Release|Any CPU
	EndGlobalSection
	GlobalSection(ProjectConfigurationPlatforms) = postSolution
		{2010FC9A-42F3-4D13-A211-4B5596F12FB9}.Debug|Any CPU.ActiveCfg = Debug|Any CPU
		{2010FC9A-42F3-4D13-A211-4B5596F12FB9}.Debug|Any CPU.Build.0 = Debug|Any CPU
		{2010FC9A-42F3-4D13-A211-4B5596F12FB9}.Release|Any CPU.ActiveCfg = Release|Any CPU
		{2010FC9A-42F3-4D13-A211-4B5596F12FB9}.Release|Any CPU.Build.0 = Release|Any CPU
		{4A4FA84F-2896-4976-A278-06CBAE10424D}.Debug|Any CPU.ActiveCfg = Debug|Any CPU
		{4A4FA84F-2896-4976-A278-06CBAE10424D}.Debug|Any CPU.Build.0 = Debug|Any CPU
		{4A4FA84F-2896-4976-A278-06CBAE10424D}.Release|Any CPU.ActiveCfg = Release|Any CPU
		{4A4FA84F-2896-4976-A278-06CBAE10424D}.Release|Any CPU.Build.0 = Release|Any CPU
		{C964F830-B07C-481D-8BE8-96B3A6950CA7}.Debug|Any CPU.ActiveCfg = Debug|Any CPU
		{C964F830-B07C-481D-8BE8-96B3A6950CA7}.Debug|Any CPU.Build.0 = Debug|Any CPU
		{C964F830-B07C-481D-8BE8-96B3A6950CA7}.Release|Any CPU.ActiveCfg = Release|Any CPU
		{C964F830-B07C-481D-8BE8-96B3A6950CA7}.Release|Any CPU.Build.0 = Release|Any CPU
		{84A2F0BF-EE55-44AC-B104-07370F26699A}.Debug|Any CPU.ActiveCfg = Debug|Any CPU
		{84A2F0BF-EE55-44AC-B104-07370F26699A}.Debug|Any CPU.Build.0 = Debug|Any CPU
		{84A2F0BF-EE55-44AC-B104-07370F26699A}.Release|Any CPU.ActiveCfg = Release|Any CPU
		{84A2F0BF-EE55-44AC-B104-07370F26699A}.Release|Any CPU.Build.0 = Release|Any CPU
		{2E849A23-36A0-4A8D-948F-93AD76F43BE5}.Debug|Any CPU.ActiveCfg = Debug|Any CPU
		{2E849A23-36A0-4A8D-948F-93AD76F43BE5}.Debug|Any CPU.Build.0 = Debug|Any CPU
		{2E849A23-36A0-4A8D-948F-93AD76F43BE5}.Release|Any CPU.ActiveCfg = Release|Any CPU
		{2E849A23-36A0-4A8D-948F-93AD76F43BE5}.Release|Any CPU.Build.0 = Release|Any CPU
	EndGlobalSection
	GlobalSection(SolutionProperties) = preSolution
		HideSolutionNode = FALSE
	EndGlobalSection
	GlobalSection(ExtensibilityGlobals) = postSolution
		SolutionGuid = {614967EE-D89A-4532-A172-AAA29A9FD570}
	EndGlobalSection
EndGlobal
